
Microsoft Visual Studio Solution File, Format Version 12.00
# Visual Studio Version 17
VisualStudioVersion = 17.6.33815.320
MinimumVisualStudioVersion = 10.0.40219.1
Project("{FAE04EC0-301F-11D3-BF4B-00C04F79EFBC}") = "TDD.UI", "TDD.UI\TDD.UI.csproj", "{435ED81C-6640-4BDF-9BB0-C972BB069D0C}"
EndProject
Project("{FAE04EC0-301F-11D3-BF4B-00C04F79EFBC}") = "TDDtest.Tests", "TDDtest.Tests\TDDtest.Tests.csproj", "{71E2C251-7DAE-40CD-B3B3-A89AA64C57BC}"
EndProject
Project("{FAE04EC0-301F-11D3-BF4B-00C04F79EFBC}") = "ClassLibrary1", "ClassLibrary1\ClassLibrary1.csproj", "{1DCD9317-09BC-4157-87C1-3306A8829FE9}"
EndProject
Project("{FAE04EC0-301F-11D3-BF4B-00C04F79EFBC}") = "UnitTestProject1", "UnitTestProject1\UnitTestProject1.csproj", "{9C0B837C-4681-4C40-9D4F-340457D552D1}"
EndProject
Global
	GlobalSection(SolutionConfigurationPlatforms) = preSolution
		Debug|Any CPU = Debug|Any CPU
		Release|Any CPU = Release|Any CPU
	EndGlobalSection
	GlobalSection(ProjectConfigurationPlatforms) = postSolution
		{435ED81C-6640-4BDF-9BB0-C972BB069D0C}.Debug|Any CPU.ActiveCfg = Debug|Any CPU
		{435ED81C-6640-4BDF-9BB0-C972BB069D0C}.Debug|Any CPU.Build.0 = Debug|Any CPU
		{435ED81C-6640-4BDF-9BB0-C972BB069D0C}.Release|Any CPU.ActiveCfg = Release|Any CPU
		{435ED81C-6640-4BDF-9BB0-C972BB069D0C}.Release|Any CPU.Build.0 = Release|Any CPU
		{71E2C251-7DAE-40CD-B3B3-A89AA64C57BC}.Debug|Any CPU.ActiveCfg = Debug|Any CPU
		{71E2C251-7DAE-40CD-B3B3-A89AA64C57BC}.Debug|Any CPU.Build.0 = Debug|Any CPU
		{71E2C251-7DAE-40CD-B3B3-A89AA64C57BC}.Release|Any CPU.ActiveCfg = Release|Any CPU
		{71E2C251-7DAE-40CD-B3B3-A89AA64C57BC}.Release|Any CPU.Build.0 = Release|Any CPU
		{1DCD9317-09BC-4157-87C1-3306A8829FE9}.Debug|Any CPU.ActiveCfg = Debug|Any CPU
		{1DCD9317-09BC-4157-87C1-3306A8829FE9}.Debug|Any CPU.Build.0 = Debug|Any CPU
		{1DCD9317-09BC-4157-87C1-3306A8829FE9}.Release|Any CPU.ActiveCfg = Release|Any CPU
		{1DCD9317-09BC-4157-87C1-3306A8829FE9}.Release|Any CPU.Build.0 = Release|Any CPU
		{9C0B837C-4681-4C40-9D4F-340457D552D1}.Debug|Any CPU.ActiveCfg = Debug|Any CPU
		{9C0B837C-4681-4C40-9D4F-340457D552D1}.Debug|Any CPU.Build.0 = Debug|Any CPU
		{9C0B837C-4681-4C40-9D4F-340457D552D1}.Release|Any CPU.ActiveCfg = Release|Any CPU
		{9C0B837C-4681-4C40-9D4F-340457D552D1}.Release|Any CPU.Build.0 = Release|Any CPU
	EndGlobalSection
	GlobalSection(SolutionProperties) = preSolution
		HideSolutionNode = FALSE
	EndGlobalSection
	GlobalSection(ExtensibilityGlobals) = postSolution
		SolutionGuid = {6A78F007-9901-4BF7-B1C2-8DDC7D6163A2}
	EndGlobalSection
EndGlobal
